
Microsoft Visual Studio Solution File, Format Version 12.00
# Visual Studio Version 16
VisualStudioVersion = 16.0.30320.27
MinimumVisualStudioVersion = 10.0.40219.1
Project("{FAE04EC0-301F-11D3-BF4B-00C04F79EFBC}") = "Test1-", "Test1-\Test1-.csproj", "{FC3DFEBA-22BB-47C0-AA2E-9E0507D1E0E7}"
EndProject
Global
	GlobalSection(SolutionConfigurationPlatforms) = preSolution
		Debug|Any CPU = Debug|Any CPU
		Release|Any CPU = Release|Any CPU
	EndGlobalSection
	GlobalSection(ProjectConfigurationPlatforms) = postSolution
		{FC3DFEBA-22BB-47C0-AA2E-9E0507D1E0E7}.Debug|Any CPU.ActiveCfg = Debug|Any CPU
		{FC3DFEBA-22BB-47C0-AA2E-9E0507D1E0E7}.Debug|Any CPU.Build.0 = Debug|Any CPU
		{FC3DFEBA-22BB-47C0-AA2E-9E0507D1E0E7}.Release|Any CPU.ActiveCfg = Release|Any CPU
		{FC3DFEBA-22BB-47C0-AA2E-9E0507D1E0E7}.Release|Any CPU.Build.0 = Release|Any CPU
	EndGlobalSection
	GlobalSection(SolutionProperties) = preSolution
		HideSolutionNode = FALSE
	EndGlobalSection
	GlobalSection(ExtensibilityGlobals) = postSolution
		SolutionGuid = {78DC34B2-5595-499E-A091-F2D169783D62}
	EndGlobalSection
EndGlobal
